lockfileVersion: 5.4

specifiers:
  '@open-rpc/client-js': ^1.7.1
  '@types/node': ^18.8.5
  '@types/ws': ^8.5.3
  reflect-metadata: ^0.1.13
  typescript: ^4.8.4

dependencies:
  '@open-rpc/client-js': 1.7.1
  '@types/ws': 8.5.3
  typescript: 4.8.4

devDependencies:
  '@types/node': 18.8.5
  reflect-metadata: 0.1.13

packages:

  /@open-rpc/client-js/1.7.1:
    resolution: {integrity: sha512-DycSYZUGSUwFl+k9T8wLBSGA8f2hYkvS5A9AB94tBOuU8QlP468NS5ZtAxy72dF4g2WW0genwNJdfeFnHnaxXQ==}
    dependencies:
      isomorphic-fetch: 3.0.0
      isomorphic-ws: 4.0.1_ws@7.5.9
      strict-event-emitter-types: 2.0.0
      ws: 7.5.9
    transitivePeerDependencies:
      - bufferutil
      - encoding
      - utf-8-validate
    dev: false

  /@types/node/18.8.5:
    resolution: {integrity: sha512-Bq7G3AErwe5A/Zki5fdD3O6+0zDChhg671NfPjtIcbtzDNZTv4NPKMRFr7gtYPG7y+B8uTiNK4Ngd9T0FTar6Q==}

  /@types/ws/8.5.3:
    resolution: {integrity: sha512-6YOoWjruKj1uLf3INHH7D3qTXwFfEsg1kf3c0uDdSBJwfa/llkwIjrAGV7j7mVgGNbzTQ3HiHKKDXl6bJPD97w==}
    dependencies:
      '@types/node': 18.8.5
    dev: false

  /isomorphic-fetch/3.0.0:
    resolution: {integrity: sha512-qvUtwJ3j6qwsF3jLxkZ72qCgjMysPzDfeV240JHiGZsANBYd+EEuu35v7dfrJ9Up0Ak07D7GGSkGhCHTqg/5wA==}
    dependencies:
      node-fetch: 2.6.7
      whatwg-fetch: 3.6.2
    transitivePeerDependencies:
      - encoding
    dev: false

  /isomorphic-ws/4.0.1_ws@7.5.9:
    resolution: {integrity: sha512-BhBvN2MBpWTaSHdWRb/bwdZJ1WaehQ2L1KngkCkfLUGF0mAWAT1sQUQacEmQ0jXkFw/czDXPNQSL5u2/Krsz1w==}
    peerDependencies:
      ws: '*'
    dependencies:
      ws: 7.5.9
    dev: false

  /node-fetch/2.6.7:
    resolution: {integrity: sha512-ZjMPFEfVx5j+y2yF35Kzx5sF7kDzxuDj6ziH4FFbOp87zKDZNx8yExJIb05OGF4Nlt9IHFIMBkRl41VdvcNdbQ==}
    engines: {node: 4.x || >=6.0.0}
    peerDependencies:
      encoding: ^0.1.0
    peerDependenciesMeta:
      encoding:
        optional: true
    dependencies:
      whatwg-url: 5.0.0
    dev: false

  /reflect-metadata/0.1.13:
    resolution: {integrity: sha512-Ts1Y/anZELhSsjMcU605fU9RE4Oi3p5ORujwbIKXfWa+0Zxs510Qrmrce5/Jowq3cHSZSJqBjypxmHarc+vEWg==}
    dev: true

  /strict-event-emitter-types/2.0.0:
    resolution: {integrity: sha512-Nk/brWYpD85WlOgzw5h173aci0Teyv8YdIAEtV+N88nDB0dLlazZyJMIsN6eo1/AR61l+p6CJTG1JIyFaoNEEA==}
    dev: false

  /tr46/0.0.3:
    resolution: {integrity: sha512-N3WMsuqV66lT30CrXNbEjx4GEwlow3v6rr4mCcv6prnfwhS01rkgyFdjPNBYd9br7LpXV1+Emh01fHnq2Gdgrw==}
    dev: false

  /typescript/4.8.4:
    resolution: {integrity: sha512-QCh+85mCy+h0IGff8r5XWzOVSbBO+KfeYrMQh7NJ58QujwcE22u+NUSmUxqF+un70P9GXKxa2HCNiTTMJknyjQ==}
    engines: {node: '>=4.2.0'}
    hasBin: true
    dev: false

  /webidl-conversions/3.0.1:
    resolution: {integrity: sha512-2JAn3z8AR6rjK8Sm8orRC0h/bcl/DqL7tRPdGZ4I1CjdF+EaMLmYxBHyXuKL849eucPFhvBoxMsflfOb8kxaeQ==}
    dev: false

  /whatwg-fetch/3.6.2:
    resolution: {integrity: sha512-bJlen0FcuU/0EMLrdbJ7zOnW6ITZLrZMIarMUVmdKtsGvZna8vxKYaexICWPfZ8qwf9fzNq+UEIZrnSaApt6RA==}
    dev: false

  /whatwg-url/5.0.0:
    resolution: {integrity: sha512-saE57nupxk6v3HY35+jzBwYa0rKSy0XR8JSxZPwgLr7ys0IBzhGviA1/TUGJLmSVqs8pb9AnvICXEuOHLprYTw==}
    dependencies:
      tr46: 0.0.3
      webidl-conversions: 3.0.1
    dev: false

  /ws/7.5.9:
    resolution: {integrity: sha512-F+P9Jil7UiSKSkppIiD94dN07AwvFixvLIj1Og1Rl9GGMuNipJnV9JzjD6XuqmAeiswGvUmNLjr5cFuXwNS77Q==}
    engines: {node: '>=8.3.0'}
    peerDependencies:
      bufferutil: ^4.0.1
      utf-8-validate: ^5.0.2
    peerDependenciesMeta:
      bufferutil:
        optional: true
      utf-8-validate:
        optional: true
    dev: false
